
Microsoft Visual Studio Solution File, Format Version 12.00
# Visual Studio Version 17
VisualStudioVersion = 17.0.31903.59
MinimumVisualStudioVersion = 10.0.40219.1
Project("{2150E333-8FDC-42A3-9474-1A3956D46DE8}") = "src", "src", "{827E0CD3-B72D-47B6-A68D-7590B98EB39B}"
EndProject
Project("{FAE04EC0-301F-11D3-BF4B-00C04F79EFBC}") = "Contracts", "src\Contracts\Contracts.csproj", "{F30D1B9F-0FC7-40F7-8BEB-2AFFFB01F30F}"
EndProject
Project("{FAE04EC0-301F-11D3-BF4B-00C04F79EFBC}") = "APIGateway", "src\APIGateway\APIGateway.csproj", "{69BE50F6-E8B7-4B04-8EF5-7CE3F0D9E935}"
EndProject
Project("{FAE04EC0-301F-11D3-BF4B-00C04F79EFBC}") = "StoreOrchestrator", "src\StoreOrchestrator\StoreOrchestrator.csproj", "{2D49D3E0-2EBC-4B3F-AB82-63770C3DC60E}"
EndProject
Project("{FAE04EC0-301F-11D3-BF4B-00C04F79EFBC}") = "Auth", "src\Auth\Auth.csproj", "{55752B74-584C-4540-BC08-246A6E6267C9}"
EndProject
Project("{FAE04EC0-301F-11D3-BF4B-00C04F79EFBC}") = "Learner", "src\Learner\Learner.csproj", "{F0D95A68-E81C-4F43-B35E-358DBFDE5941}"
EndProject
Project("{FAE04EC0-301F-11D3-BF4B-00C04F79EFBC}") = "Order", "src\Order\Order.csproj", "{48ADCBA4-EB04-40BE-997F-1FEF182E809F}"
EndProject
Project("{2150E333-8FDC-42A3-9474-1A3956D46DE8}") = "tests", "tests", "{0AB3BF05-4346-4AA6-1389-037BE0695223}"
EndProject
Project("{FAE04EC0-301F-11D3-BF4B-00C04F79EFBC}") = "ApiTests", "tests\ApiTests\ApiTests.csproj", "{60FB4FDC-5FDE-450E-BBF5-BF440A7787C2}"
EndProject
Project("{2150E333-8FDC-42A3-9474-1A3956D46DE8}") = "Solution Items", "Solution Items", "{8EC462FD-D22E-90A8-E5CE-7E832BA40C5D}"
	ProjectSection(SolutionItems) = preProject
		README.md = README.md
	EndProjectSection
EndProject
Global
	GlobalSection(SolutionConfigurationPlatforms) = preSolution
		Debug|Any CPU = Debug|Any CPU
		Debug|x64 = Debug|x64
		Debug|x86 = Debug|x86
		Release|Any CPU = Release|Any CPU
		Release|x64 = Release|x64
		Release|x86 = Release|x86
	EndGlobalSection
	GlobalSection(ProjectConfigurationPlatforms) = postSolution
		{F30D1B9F-0FC7-40F7-8BEB-2AFFFB01F30F}.Debug|Any CPU.ActiveCfg = Debug|Any CPU
		{F30D1B9F-0FC7-40F7-8BEB-2AFFFB01F30F}.Debug|Any CPU.Build.0 = Debug|Any CPU
		{F30D1B9F-0FC7-40F7-8BEB-2AFFFB01F30F}.Debug|x64.ActiveCfg = Debug|Any CPU
		{F30D1B9F-0FC7-40F7-8BEB-2AFFFB01F30F}.Debug|x64.Build.0 = Debug|Any CPU
		{F30D1B9F-0FC7-40F7-8BEB-2AFFFB01F30F}.Debug|x86.ActiveCfg = Debug|Any CPU
		{F30D1B9F-0FC7-40F7-8BEB-2AFFFB01F30F}.Debug|x86.Build.0 = Debug|Any CPU
		{F30D1B9F-0FC7-40F7-8BEB-2AFFFB01F30F}.Release|Any CPU.ActiveCfg = Release|Any CPU
		{F30D1B9F-0FC7-40F7-8BEB-2AFFFB01F30F}.Release|Any CPU.Build.0 = Release|Any CPU
		{F30D1B9F-0FC7-40F7-8BEB-2AFFFB01F30F}.Release|x64.ActiveCfg = Release|Any CPU
		{F30D1B9F-0FC7-40F7-8BEB-2AFFFB01F30F}.Release|x64.Build.0 = Release|Any CPU
		{F30D1B9F-0FC7-40F7-8BEB-2AFFFB01F30F}.Release|x86.ActiveCfg = Release|Any CPU
		{F30D1B9F-0FC7-40F7-8BEB-2AFFFB01F30F}.Release|x86.Build.0 = Release|Any CPU
		{69BE50F6-E8B7-4B04-8EF5-7CE3F0D9E935}.Debug|Any CPU.ActiveCfg = Debug|Any CPU
		{69BE50F6-E8B7-4B04-8EF5-7CE3F0D9E935}.Debug|Any CPU.Build.0 = Debug|Any CPU
		{69BE50F6-E8B7-4B04-8EF5-7CE3F0D9E935}.Debug|x64.ActiveCfg = Debug|Any CPU
		{69BE50F6-E8B7-4B04-8EF5-7CE3F0D9E935}.Debug|x64.Build.0 = Debug|Any CPU
		{69BE50F6-E8B7-4B04-8EF5-7CE3F0D9E935}.Debug|x86.ActiveCfg = Debug|Any CPU
		{69BE50F6-E8B7-4B04-8EF5-7CE3F0D9E935}.Debug|x86.Build.0 = Debug|Any CPU
		{69BE50F6-E8B7-4B04-8EF5-7CE3F0D9E935}.Release|Any CPU.ActiveCfg = Release|Any CPU
		{69BE50F6-E8B7-4B04-8EF5-7CE3F0D9E935}.Release|Any CPU.Build.0 = Release|Any CPU
		{69BE50F6-E8B7-4B04-8EF5-7CE3F0D9E935}.Release|x64.ActiveCfg = Release|Any CPU
		{69BE50F6-E8B7-4B04-8EF5-7CE3F0D9E935}.Release|x64.Build.0 = Release|Any CPU
		{69BE50F6-E8B7-4B04-8EF5-7CE3F0D9E935}.Release|x86.ActiveCfg = Release|Any CPU
		{69BE50F6-E8B7-4B04-8EF5-7CE3F0D9E935}.Release|x86.Build.0 = Release|Any CPU
		{2D49D3E0-2EBC-4B3F-AB82-63770C3DC60E}.Debug|Any CPU.ActiveCfg = Debug|Any CPU
		{2D49D3E0-2EBC-4B3F-AB82-63770C3DC60E}.Debug|Any CPU.Build.0 = Debug|Any CPU
		{2D49D3E0-2EBC-4B3F-AB82-63770C3DC60E}.Debug|x64.ActiveCfg = Debug|Any CPU
		{2D49D3E0-2EBC-4B3F-AB82-63770C3DC60E}.Debug|x64.Build.0 = Debug|Any CPU
		{2D49D3E0-2EBC-4B3F-AB82-63770C3DC60E}.Debug|x86.ActiveCfg = Debug|Any CPU
		{2D49D3E0-2EBC-4B3F-AB82-63770C3DC60E}.Debug|x86.Build.0 = Debug|Any CPU
		{2D49D3E0-2EBC-4B3F-AB82-63770C3DC60E}.Release|Any CPU.ActiveCfg = Release|Any CPU
		{2D49D3E0-2EBC-4B3F-AB82-63770C3DC60E}.Release|Any CPU.Build.0 = Release|Any CPU
		{2D49D3E0-2EBC-4B3F-AB82-63770C3DC60E}.Release|x64.ActiveCfg = Release|Any CPU
		{2D49D3E0-2EBC-4B3F-AB82-63770C3DC60E}.Release|x64.Build.0 = Release|Any CPU
		{2D49D3E0-2EBC-4B3F-AB82-63770C3DC60E}.Release|x86.ActiveCfg = Release|Any CPU
		{2D49D3E0-2EBC-4B3F-AB82-63770C3DC60E}.Release|x86.Build.0 = Release|Any CPU
		{55752B74-584C-4540-BC08-246A6E6267C9}.Debug|Any CPU.ActiveCfg = Debug|Any CPU
		{55752B74-584C-4540-BC08-246A6E6267C9}.Debug|Any CPU.Build.0 = Debug|Any CPU
		{55752B74-584C-4540-BC08-246A6E6267C9}.Debug|x64.ActiveCfg = Debug|Any CPU
		{55752B74-584C-4540-BC08-246A6E6267C9}.Debug|x64.Build.0 = Debug|Any CPU
		{55752B74-584C-4540-BC08-246A6E6267C9}.Debug|x86.ActiveCfg = Debug|Any CPU
		{55752B74-584C-4540-BC08-246A6E6267C9}.Debug|x86.Build.0 = Debug|Any CPU
		{55752B74-584C-4540-BC08-246A6E6267C9}.Release|Any CPU.ActiveCfg = Release|Any CPU
		{55752B74-584C-4540-BC08-246A6E6267C9}.Release|Any CPU.Build.0 = Release|Any CPU
		{55752B74-584C-4540-BC08-246A6E6267C9}.Release|x64.ActiveCfg = Release|Any CPU
		{55752B74-584C-4540-BC08-246A6E6267C9}.Release|x64.Build.0 = Release|Any CPU
		{55752B74-584C-4540-BC08-246A6E6267C9}.Release|x86.ActiveCfg = Release|Any CPU
		{55752B74-584C-4540-BC08-246A6E6267C9}.Release|x86.Build.0 = Release|Any CPU
		{F0D95A68-E81C-4F43-B35E-358DBFDE5941}.Debug|Any CPU.ActiveCfg = Debug|Any CPU
		{F0D95A68-E81C-4F43-B35E-358DBFDE5941}.Debug|Any CPU.Build.0 = Debug|Any CPU
		{F0D95A68-E81C-4F43-B35E-358DBFDE5941}.Debug|x64.ActiveCfg = Debug|Any CPU
		{F0D95A68-E81C-4F43-B35E-358DBFDE5941}.Debug|x64.Build.0 = Debug|Any CPU
		{F0D95A68-E81C-4F43-B35E-358DBFDE5941}.Debug|x86.ActiveCfg = Debug|Any CPU
		{F0D95A68-E81C-4F43-B35E-358DBFDE5941}.Debug|x86.Build.0 = Debug|Any CPU
		{F0D95A68-E81C-4F43-B35E-358DBFDE5941}.Release|Any CPU.ActiveCfg = Release|Any CPU
		{F0D95A68-E81C-4F43-B35E-358DBFDE5941}.Release|Any CPU.Build.0 = Release|Any CPU
		{F0D95A68-E81C-4F43-B35E-358DBFDE5941}.Release|x64.ActiveCfg = Release|Any CPU
		{F0D95A68-E81C-4F43-B35E-358DBFDE5941}.Release|x64.Build.0 = Release|Any CPU
		{F0D95A68-E81C-4F43-B35E-358DBFDE5941}.Release|x86.ActiveCfg = Release|Any CPU
		{F0D95A68-E81C-4F43-B35E-358DBFDE5941}.Release|x86.Build.0 = Release|Any CPU
		{48ADCBA4-EB04-40BE-997F-1FEF182E809F}.Debug|Any CPU.ActiveCfg = Debug|Any CPU
		{48ADCBA4-EB04-40BE-997F-1FEF182E809F}.Debug|Any CPU.Build.0 = Debug|Any CPU
		{48ADCBA4-EB04-40BE-997F-1FEF182E809F}.Debug|x64.ActiveCfg = Debug|Any CPU
		{48ADCBA4-EB04-40BE-997F-1FEF182E809F}.Debug|x64.Build.0 = Debug|Any CPU
		{48ADCBA4-EB04-40BE-997F-1FEF182E809F}.Debug|x86.ActiveCfg = Debug|Any CPU
		{48ADCBA4-EB04-40BE-997F-1FEF182E809F}.Debug|x86.Build.0 = Debug|Any CPU
		{48ADCBA4-EB04-40BE-997F-1FEF182E809F}.Release|Any CPU.ActiveCfg = Release|Any CPU
		{48ADCBA4-EB04-40BE-997F-1FEF182E809F}.Release|Any CPU.Build.0 = Release|Any CPU
		{48ADCBA4-EB04-40BE-997F-1FEF182E809F}.Release|x64.ActiveCfg = Release|Any CPU
		{48ADCBA4-EB04-40BE-997F-1FEF182E809F}.Release|x64.Build.0 = Release|Any CPU
		{48ADCBA4-EB04-40BE-997F-1FEF182E809F}.Release|x86.ActiveCfg = Release|Any CPU
		{48ADCBA4-EB04-40BE-997F-1FEF182E809F}.Release|x86.Build.0 = Release|Any CPU
		{60FB4FDC-5FDE-450E-BBF5-BF440A7787C2}.Debug|Any CPU.ActiveCfg = Debug|Any CPU
		{60FB4FDC-5FDE-450E-BBF5-BF440A7787C2}.Debug|Any CPU.Build.0 = Debug|Any CPU
		{60FB4FDC-5FDE-450E-BBF5-BF440A7787C2}.Debug|x64.ActiveCfg = Debug|Any CPU
		{60FB4FDC-5FDE-450E-BBF5-BF440A7787C2}.Debug|x64.Build.0 = Debug|Any CPU
		{60FB4FDC-5FDE-450E-BBF5-BF440A7787C2}.Debug|x86.ActiveCfg = Debug|Any CPU
		{60FB4FDC-5FDE-450E-BBF5-BF440A7787C2}.Debug|x86.Build.0 = Debug|Any CPU
		{60FB4FDC-5FDE-450E-BBF5-BF440A7787C2}.Release|Any CPU.ActiveCfg = Release|Any CPU
		{60FB4FDC-5FDE-450E-BBF5-BF440A7787C2}.Release|Any CPU.Build.0 = Release|Any CPU
		{60FB4FDC-5FDE-450E-BBF5-BF440A7787C2}.Release|x64.ActiveCfg = Release|Any CPU
		{60FB4FDC-5FDE-450E-BBF5-BF440A7787C2}.Release|x64.Build.0 = Release|Any CPU
		{60FB4FDC-5FDE-450E-BBF5-BF440A7787C2}.Release|x86.ActiveCfg = Release|Any CPU
		{60FB4FDC-5FDE-450E-BBF5-BF440A7787C2}.Release|x86.Build.0 = Release|Any CPU
	EndGlobalSection
	GlobalSection(SolutionProperties) = preSolution
		HideSolutionNode = FALSE
	EndGlobalSection
	GlobalSection(NestedProjects) = preSolution
		{F30D1B9F-0FC7-40F7-8BEB-2AFFFB01F30F} = {827E0CD3-B72D-47B6-A68D-7590B98EB39B}
		{69BE50F6-E8B7-4B04-8EF5-7CE3F0D9E935} = {827E0CD3-B72D-47B6-A68D-7590B98EB39B}
		{2D49D3E0-2EBC-4B3F-AB82-63770C3DC60E} = {827E0CD3-B72D-47B6-A68D-7590B98EB39B}
		{55752B74-584C-4540-BC08-246A6E6267C9} = {827E0CD3-B72D-47B6-A68D-7590B98EB39B}
		{F0D95A68-E81C-4F43-B35E-358DBFDE5941} = {827E0CD3-B72D-47B6-A68D-7590B98EB39B}
		{48ADCBA4-EB04-40BE-997F-1FEF182E809F} = {827E0CD3-B72D-47B6-A68D-7590B98EB39B}
		{60FB4FDC-5FDE-450E-BBF5-BF440A7787C2} = {0AB3BF05-4346-4AA6-1389-037BE0695223}
	EndGlobalSection
	GlobalSection(ExtensibilityGlobals) = postSolution
		SolutionGuid = {68B8D8DE-9AE6-4E99-801A-A3B4BE186C9E}
	EndGlobalSection
EndGlobal
